
Microsoft Visual Studio Solution File, Format Version 12.00
# Visual Studio Version 17
VisualStudioVersion = 17.9.34902.65
MinimumVisualStudioVersion = 10.0.40219.1
Project("{FAE04EC0-301F-11D3-BF4B-00C04F79EFBC}") = "API", "API\API.csproj", "{0512A48E-EF55-4270-907D-741D092CABD2}"
EndProject
Project("{FAE04EC0-301F-11D3-BF4B-00C04F79EFBC}") = "Domain", "Domain\Domain.csproj", "{9D7AF5CA-A75E-4DE0-A301-A72EBAD7C6BE}"
EndProject
Project("{FAE04EC0-301F-11D3-BF4B-00C04F79EFBC}") = "Repository", "Repository\Repository.csproj", "{91BCA515-8BCE-499D-8959-566D9C07CB3F}"
EndProject
Project("{FAE04EC0-301F-11D3-BF4B-00C04F79EFBC}") = "Service", "Service\Service.csproj", "{9F5C8D01-74BC-4CD3-9632-F0F52A6F07E8}"
EndProject
Global
	GlobalSection(SolutionConfigurationPlatforms) = preSolution
		Debug|Any CPU = Debug|Any CPU
		Release|Any CPU = Release|Any CPU
	EndGlobalSection
	GlobalSection(ProjectConfigurationPlatforms) = postSolution
		{0512A48E-EF55-4270-907D-741D092CABD2}.Debug|Any CPU.ActiveCfg = Debug|Any CPU
		{0512A48E-EF55-4270-907D-741D092CABD2}.Debug|Any CPU.Build.0 = Debug|Any CPU
		{0512A48E-EF55-4270-907D-741D092CABD2}.Release|Any CPU.ActiveCfg = Release|Any CPU
		{0512A48E-EF55-4270-907D-741D092CABD2}.Release|Any CPU.Build.0 = Release|Any CPU
		{9D7AF5CA-A75E-4DE0-A301-A72EBAD7C6BE}.Debug|Any CPU.ActiveCfg = Debug|Any CPU
		{9D7AF5CA-A75E-4DE0-A301-A72EBAD7C6BE}.Debug|Any CPU.Build.0 = Debug|Any CPU
		{9D7AF5CA-A75E-4DE0-A301-A72EBAD7C6BE}.Release|Any CPU.ActiveCfg = Release|Any CPU
		{9D7AF5CA-A75E-4DE0-A301-A72EBAD7C6BE}.Release|Any CPU.Build.0 = Release|Any CPU
		{91BCA515-8BCE-499D-8959-566D9C07CB3F}.Debug|Any CPU.ActiveCfg = Debug|Any CPU
		{91BCA515-8BCE-499D-8959-566D9C07CB3F}.Debug|Any CPU.Build.0 = Debug|Any CPU
		{91BCA515-8BCE-499D-8959-566D9C07CB3F}.Release|Any CPU.ActiveCfg = Release|Any CPU
		{91BCA515-8BCE-499D-8959-566D9C07CB3F}.Release|Any CPU.Build.0 = Release|Any CPU
		{9F5C8D01-74BC-4CD3-9632-F0F52A6F07E8}.Debug|Any CPU.ActiveCfg = Debug|Any CPU
		{9F5C8D01-74BC-4CD3-9632-F0F52A6F07E8}.Debug|Any CPU.Build.0 = Debug|Any CPU
		{9F5C8D01-74BC-4CD3-9632-F0F52A6F07E8}.Release|Any CPU.ActiveCfg = Release|Any CPU
		{9F5C8D01-74BC-4CD3-9632-F0F52A6F07E8}.Release|Any CPU.Build.0 = Release|Any CPU
	EndGlobalSection
	GlobalSection(SolutionProperties) = preSolution
		HideSolutionNode = FALSE
	EndGlobalSection
	GlobalSection(ExtensibilityGlobals) = postSolution
		SolutionGuid = {3768F612-B4E6-4EF3-83B1-E3FC6C9A23C9}
	EndGlobalSection
EndGlobal
